PODS:
  - Alamofire (4.7.3)
  - Kingfisher (4.8.1)
  - SDWebImage (4.4.2):
    - SDWebImage/Core (= 4.4.2)
  - SDWebImage/Core (4.4.2)

DEPENDENCIES:
  - Alamofire (~> 4.7.2)
  - Kingfisher (~> 4.8.1)
  - SDWebImage (~> 4.0)

SPEC REPOS:
  https://github.com/CocoaPods/Specs.git:
    - Alamofire
    - Kingfisher
    - SDWebImage

SPEC CHECKSUMS:
  Alamofire: c7287b6e5d7da964a70935e5db17046b7fde6568
  Kingfisher: 868c1149679a7ab6869be118faa9b5aed154aaf0
  SDWebImage: 624d6e296c69b244bcede364c72ae0430ac14681

PODFILE CHECKSUM: 43c72a8febe91452407f7fe5aa20888c9d4b8cd6

COCOAPODS: 1.5.0
